
Microsoft Visual Studio Solution File, Format Version 12.00
# Visual Studio 2012
Project("{FAE04EC0-301F-11D3-BF4B-00C04F79EFBC}") = "Persona", "Persona\Persona.csproj", "{014DF401-99AA-43F8-B8F7-291A637CBC93}"
EndProject
Global
	GlobalSection(SolutionConfigurationPlatforms) = preSolution
		Debug|x86 = Debug|x86
		Release|x86 = Release|x86
	EndGlobalSection
	GlobalSection(ProjectConfigurationPlatforms) = postSolution
		{014DF401-99AA-43F8-B8F7-291A637CBC93}.Debug|x86.ActiveCfg = Debug|x86
		{014DF401-99AA-43F8-B8F7-291A637CBC93}.Debug|x86.Build.0 = Debug|x86
		{014DF401-99AA-43F8-B8F7-291A637CBC93}.Release|x86.ActiveCfg = Release|x86
		{014DF401-99AA-43F8-B8F7-291A637CBC93}.Release|x86.Build.0 = Release|x86
	EndGlobalSection
EndGlobal
